
Microsoft Visual Studio Solution File, Format Version 12.00
Project("{FAE04EC0-301F-11D3-BF4B-00C04F79EFBC}") = "CircusTrein", "CircusTrein\CircusTrein.csproj", "{B6E44332-E523-41A5-B445-030D7A916F41}"
EndProject
Project("{FAE04EC0-301F-11D3-BF4B-00C04F79EFBC}") = "CircusTreinTests", "CircusTreinTests\CircusTreinTests.csproj", "{4FEAC353-D98A-4110-B024-C2F580FDFD85}"
EndProject
Project("{FAE04EC0-301F-11D3-BF4B-00C04F79EFBC}") = "CircusTreinBlazor", "CircusTreinBlazor\CircusTreinBlazor.csproj", "{5E004A30-4C6D-4C6B-8416-0FD02265969A}"
EndProject
Global
	GlobalSection(SolutionConfigurationPlatforms) = preSolution
		Debug|Any CPU = Debug|Any CPU
		Release|Any CPU = Release|Any CPU
	EndGlobalSection
	GlobalSection(ProjectConfigurationPlatforms) = postSolution
		{B6E44332-E523-41A5-B445-030D7A916F41}.Debug|Any CPU.ActiveCfg = Debug|Any CPU
		{B6E44332-E523-41A5-B445-030D7A916F41}.Debug|Any CPU.Build.0 = Debug|Any CPU
		{B6E44332-E523-41A5-B445-030D7A916F41}.Release|Any CPU.ActiveCfg = Release|Any CPU
		{B6E44332-E523-41A5-B445-030D7A916F41}.Release|Any CPU.Build.0 = Release|Any CPU
		{4FEAC353-D98A-4110-B024-C2F580FDFD85}.Debug|Any CPU.ActiveCfg = Debug|Any CPU
		{4FEAC353-D98A-4110-B024-C2F580FDFD85}.Debug|Any CPU.Build.0 = Debug|Any CPU
		{4FEAC353-D98A-4110-B024-C2F580FDFD85}.Release|Any CPU.ActiveCfg = Release|Any CPU
		{4FEAC353-D98A-4110-B024-C2F580FDFD85}.Release|Any CPU.Build.0 = Release|Any CPU
		{5E004A30-4C6D-4C6B-8416-0FD02265969A}.Debug|Any CPU.ActiveCfg = Debug|Any CPU
		{5E004A30-4C6D-4C6B-8416-0FD02265969A}.Debug|Any CPU.Build.0 = Debug|Any CPU
		{5E004A30-4C6D-4C6B-8416-0FD02265969A}.Release|Any CPU.ActiveCfg = Release|Any CPU
		{5E004A30-4C6D-4C6B-8416-0FD02265969A}.Release|Any CPU.Build.0 = Release|Any CPU
	EndGlobalSection
EndGlobal
